
Microsoft Visual Studio Solution File, Format Version 12.00
# Visual Studio Version 16
VisualStudioVersion = 16.0.31129.286
MinimumVisualStudioVersion = 10.0.40219.1
Project("{2150E333-8FDC-42A3-9474-1A3956D46DE8}") = "Backend", "Backend", "{9C50CE8F-A834-49A6-BD35-ED91E16ED167}"
EndProject
Project("{2150E333-8FDC-42A3-9474-1A3956D46DE8}") = "Frontend", "Frontend", "{9F646E5B-0589-4578-897D-0F0985B326E9}"
EndProject
Project("{2150E333-8FDC-42A3-9474-1A3956D46DE8}") = "src", "src", "{F612A61C-FC58-484C-8B91-856511BC8A76}"
EndProject
Project("{2150E333-8FDC-42A3-9474-1A3956D46DE8}") = "test", "test", "{37BB79C5-A744-41DB-8600-7A576935EC59}"
EndProject
Project("{2150E333-8FDC-42A3-9474-1A3956D46DE8}") = "01-Building-Blocks", "01-Building-Blocks", "{9846FF6A-5127-4994-B539-C01B4B82E5FE}"
EndProject
Project("{2150E333-8FDC-42A3-9474-1A3956D46DE8}") = "Services", "Services", "{F2FF0D32-C603-4641-A060-39A15A964F34}"
EndProject
Project("{2150E333-8FDC-42A3-9474-1A3956D46DE8}") = "02-Services", "02-Services", "{7D355359-6F04-49CB-BD7F-1719AE50DDF7}"
EndProject
Project("{2150E333-8FDC-42A3-9474-1A3956D46DE8}") = "Authentication", "Authentication", "{9B0E233D-9C8F-4B79-99FD-74CB540934AE}"
EndProject
Project("{2150E333-8FDC-42A3-9474-1A3956D46DE8}") = "Resources", "Resources", "{5CA63FCE-9614-47FC-B7E9-A59825F9906F}"
EndProject
Project("{2150E333-8FDC-42A3-9474-1A3956D46DE8}") = "Sales", "Sales", "{987D488A-74DA-421C-BF0A-1FBA4E4ED97D}"
EndProject
Project("{9A19103F-16F7-4668-BE54-9A1E7A4F7556}") = "Ecommerce.BuildingBlocks.Api.Core", "src\Ecommerce.BuildingBlocks.Api.Core\Ecommerce.BuildingBlocks.Api.Core.csproj", "{64711122-2B86-41C8-AA9C-99A87ED37A36}"
EndProject
Project("{9A19103F-16F7-4668-BE54-9A1E7A4F7556}") = "Ecommerce.BuildingBlocks.Api.CrossCuting", "src\Ecommerce.BuildingBlocks.Api.CrossCuting\Ecommerce.BuildingBlocks.Api.CrossCuting.csproj", "{7C8F7285-3685-462F-AE70-B9D61F5AAA11}"
EndProject
Project("{9A19103F-16F7-4668-BE54-9A1E7A4F7556}") = "Ecommerce.BuildingBlocks.Api.Domain", "src\Ecommerce.BuildingBlocks.Api.Domain\Ecommerce.BuildingBlocks.Api.Domain.csproj", "{A01B8255-E375-4FE0-A2F9-4352748E3BA2}"
EndProject
Project("{9A19103F-16F7-4668-BE54-9A1E7A4F7556}") = "Ecommerce.BuildingBlocks.Api.InfraStructure", "src\Ecommerce.BuildingBlocks.Api.InfraStructure\Ecommerce.BuildingBlocks.Api.InfraStructure.csproj", "{E7385555-9A4A-4FAA-888D-76E88D17BC89}"
EndProject
Project("{2150E333-8FDC-42A3-9474-1A3956D46DE8}") = "01-Application", "01-Application", "{847B030E-A4F5-40CA-8AB1-8C39CA9AC576}"
EndProject
Project("{2150E333-8FDC-42A3-9474-1A3956D46DE8}") = "02-Domain", "02-Domain", "{2565669D-CBD1-4D77-87FA-969C1E9A0601}"
EndProject
Project("{2150E333-8FDC-42A3-9474-1A3956D46DE8}") = "03-InfraStructure", "03-InfraStructure", "{AF862FEE-044C-4411-A445-2E2B9628DE8E}"
EndProject
Project("{2150E333-8FDC-42A3-9474-1A3956D46DE8}") = "01-Application", "01-Application", "{167DD717-EB6F-4696-A0A0-6BB281350F4E}"
EndProject
Project("{2150E333-8FDC-42A3-9474-1A3956D46DE8}") = "02-Domain", "02-Domain", "{E2FF91DD-FF90-47B8-83D7-A0942BCFEB6F}"
EndProject
Project("{2150E333-8FDC-42A3-9474-1A3956D46DE8}") = "03-InfraStructure", "03-InfraStructure", "{70EDC8E9-48F8-4BC0-BC80-96FEE298C902}"
EndProject
Project("{2150E333-8FDC-42A3-9474-1A3956D46DE8}") = "01-Application", "01-Application", "{991F9F59-EF2F-4FA9-82EC-F226D02E5A03}"
EndProject
Project("{2150E333-8FDC-42A3-9474-1A3956D46DE8}") = "02-Domain", "02-Domain", "{E376FBAD-9694-412E-A18E-D1125991737B}"
EndProject
Project("{2150E333-8FDC-42A3-9474-1A3956D46DE8}") = "03-InfraStructure", "03-InfraStructure", "{E038BD93-F131-4BBE-9A4A-61D9E583CAD9}"
EndProject
Project("{2150E333-8FDC-42A3-9474-1A3956D46DE8}") = "Payments", "Payments", "{D1D22410-FBC6-4231-9512-BC2BCA3A52F8}"
EndProject
Project("{2150E333-8FDC-42A3-9474-1A3956D46DE8}") = "01-Application", "01-Application", "{A60CBCA2-F8C1-4B03-8C13-E7D0D0DE10DA}"
EndProject
Project("{2150E333-8FDC-42A3-9474-1A3956D46DE8}") = "02-Domain", "02-Domain", "{69EC0349-8013-4D19-AD02-B29C6ABC3B7D}"
EndProject
Project("{2150E333-8FDC-42A3-9474-1A3956D46DE8}") = "03-InfraStructure", "03-InfraStructure", "{B640403C-95F8-4C01-B6B4-9B744A5BA38B}"
EndProject
Project("{9A19103F-16F7-4668-BE54-9A1E7A4F7556}") = "Ecommerce.Services.Authentication.Api", "src\Ecommerce.Services.Authentication.Api\Ecommerce.Services.Authentication.Api.csproj", "{632DAF81-1923-4C05-83D1-F3C453E1AA71}"
EndProject
Project("{9A19103F-16F7-4668-BE54-9A1E7A4F7556}") = "Ecommerce.Services.Authentication.Domain", "src\Ecommerce.Services.Authentication.Domain\Ecommerce.Services.Authentication.Domain.csproj", "{2D0E5C52-7D3F-445B-BEA8-00978763F25D}"
EndProject
Project("{9A19103F-16F7-4668-BE54-9A1E7A4F7556}") = "Ecommerce.Services.Authentication.Data", "src\Ecommerce.Services.Authentication.Data\Ecommerce.Services.Authentication.Data.csproj", "{316B4FFF-6D76-4159-AA71-BFEC159F591F}"
EndProject
Project("{9A19103F-16F7-4668-BE54-9A1E7A4F7556}") = "Ecommerce.Services.Resources.Api", "src\Ecommerce.Services.Resources.Api\Ecommerce.Services.Resources.Api.csproj", "{7C5514C6-7093-40DC-A406-53BEEB89D926}"
EndProject
Project("{9A19103F-16F7-4668-BE54-9A1E7A4F7556}") = "Ecommerce.Services.Resources.Domain", "src\Ecommerce.Services.Resources.Domain\Ecommerce.Services.Resources.Domain.csproj", "{835DD4C6-F8D3-488F-ADBD-57AFBA23BB58}"
EndProject
Project("{9A19103F-16F7-4668-BE54-9A1E7A4F7556}") = "Ecommerce.Services.Resources.Data", "src\Ecommerce.Services.Resources.Data\Ecommerce.Services.Resources.Data.csproj", "{7F68CD69-8EE6-4C69-8FC6-042DC8C79DA8}"
EndProject
Project("{9A19103F-16F7-4668-BE54-9A1E7A4F7556}") = "Ecommerce.Services.Sales.Api", "src\Ecommerce.Services.Sales.Api\Ecommerce.Services.Sales.Api.csproj", "{D6ED2119-865B-41FC-9F7B-92ADA90EEC99}"
EndProject
Project("{9A19103F-16F7-4668-BE54-9A1E7A4F7556}") = "Ecommerce.Services.Sales.Domain", "src\Ecommerce.Services.Sales.Domain\Ecommerce.Services.Sales.Domain.csproj", "{817CB0E9-443C-464A-97E5-538C96E46DF6}"
EndProject
Project("{9A19103F-16F7-4668-BE54-9A1E7A4F7556}") = "Ecommerce.Services.Sales.Data", "src\Ecommerce.Services.Sales.Data\Ecommerce.Services.Sales.Data.csproj", "{F6D96103-101A-4F24-8749-39C822CCD893}"
EndProject
Project("{FAE04EC0-301F-11D3-BF4B-00C04F79EFBC}") = "Ecommerce.Services.Payments.Api", "src\Ecommerce.Services.Payments.Api\Ecommerce.Services.Payments.Api.csproj", "{0E21BAD0-C395-4CE8-8E10-1B64DB01E049}"
EndProject
Project("{FAE04EC0-301F-11D3-BF4B-00C04F79EFBC}") = "Ecommerce.Services.Payments.Domain", "src\Ecommerce.Services.Payments.Domain\Ecommerce.Services.Payments.Domain.csproj", "{E3801BA1-E10C-4193-AE70-9180DDA7B9E3}"
EndProject
Project("{FAE04EC0-301F-11D3-BF4B-00C04F79EFBC}") = "Ecommerce.Services.Payments.Data", "src\Ecommerce.Services.Payments.Data\Ecommerce.Services.Payments.Data.csproj", "{3E0ADC41-FB24-45BF-91CF-376A4A87D048}"
EndProject
Project("{2150E333-8FDC-42A3-9474-1A3956D46DE8}") = "03-Works", "03-Works", "{CDA65499-F38D-4034-B287-33FFDB464F1A}"
	ProjectSection(SolutionItems) = preProject
		Implements.txt = Implements.txt
	EndProjectSection
EndProject
Global
	GlobalSection(SolutionConfigurationPlatforms) = preSolution
		Debug|Any CPU = Debug|Any CPU
		Release|Any CPU = Release|Any CPU
	EndGlobalSection
	GlobalSection(ProjectConfigurationPlatforms) = postSolution
		{64711122-2B86-41C8-AA9C-99A87ED37A36}.Debug|Any CPU.ActiveCfg = Debug|Any CPU
		{64711122-2B86-41C8-AA9C-99A87ED37A36}.Debug|Any CPU.Build.0 = Debug|Any CPU
		{64711122-2B86-41C8-AA9C-99A87ED37A36}.Release|Any CPU.ActiveCfg = Release|Any CPU
		{64711122-2B86-41C8-AA9C-99A87ED37A36}.Release|Any CPU.Build.0 = Release|Any CPU
		{7C8F7285-3685-462F-AE70-B9D61F5AAA11}.Debug|Any CPU.ActiveCfg = Debug|Any CPU
		{7C8F7285-3685-462F-AE70-B9D61F5AAA11}.Debug|Any CPU.Build.0 = Debug|Any CPU
		{7C8F7285-3685-462F-AE70-B9D61F5AAA11}.Release|Any CPU.ActiveCfg = Release|Any CPU
		{7C8F7285-3685-462F-AE70-B9D61F5AAA11}.Release|Any CPU.Build.0 = Release|Any CPU
		{A01B8255-E375-4FE0-A2F9-4352748E3BA2}.Debug|Any CPU.ActiveCfg = Debug|Any CPU
		{A01B8255-E375-4FE0-A2F9-4352748E3BA2}.Debug|Any CPU.Build.0 = Debug|Any CPU
		{A01B8255-E375-4FE0-A2F9-4352748E3BA2}.Release|Any CPU.ActiveCfg = Release|Any CPU
		{A01B8255-E375-4FE0-A2F9-4352748E3BA2}.Release|Any CPU.Build.0 = Release|Any CPU
		{E7385555-9A4A-4FAA-888D-76E88D17BC89}.Debug|Any CPU.ActiveCfg = Debug|Any CPU
		{E7385555-9A4A-4FAA-888D-76E88D17BC89}.Debug|Any CPU.Build.0 = Debug|Any CPU
		{E7385555-9A4A-4FAA-888D-76E88D17BC89}.Release|Any CPU.ActiveCfg = Release|Any CPU
		{E7385555-9A4A-4FAA-888D-76E88D17BC89}.Release|Any CPU.Build.0 = Release|Any CPU
		{632DAF81-1923-4C05-83D1-F3C453E1AA71}.Debug|Any CPU.ActiveCfg = Debug|Any CPU
		{632DAF81-1923-4C05-83D1-F3C453E1AA71}.Debug|Any CPU.Build.0 = Debug|Any CPU
		{632DAF81-1923-4C05-83D1-F3C453E1AA71}.Release|Any CPU.ActiveCfg = Release|Any CPU
		{632DAF81-1923-4C05-83D1-F3C453E1AA71}.Release|Any CPU.Build.0 = Release|Any CPU
		{2D0E5C52-7D3F-445B-BEA8-00978763F25D}.Debug|Any CPU.ActiveCfg = Debug|Any CPU
		{2D0E5C52-7D3F-445B-BEA8-00978763F25D}.Debug|Any CPU.Build.0 = Debug|Any CPU
		{2D0E5C52-7D3F-445B-BEA8-00978763F25D}.Release|Any CPU.ActiveCfg = Release|Any CPU
		{2D0E5C52-7D3F-445B-BEA8-00978763F25D}.Release|Any CPU.Build.0 = Release|Any CPU
		{316B4FFF-6D76-4159-AA71-BFEC159F591F}.Debug|Any CPU.ActiveCfg = Debug|Any CPU
		{316B4FFF-6D76-4159-AA71-BFEC159F591F}.Debug|Any CPU.Build.0 = Debug|Any CPU
		{316B4FFF-6D76-4159-AA71-BFEC159F591F}.Release|Any CPU.ActiveCfg = Release|Any CPU
		{316B4FFF-6D76-4159-AA71-BFEC159F591F}.Release|Any CPU.Build.0 = Release|Any CPU
		{7C5514C6-7093-40DC-A406-53BEEB89D926}.Debug|Any CPU.ActiveCfg = Debug|Any CPU
		{7C5514C6-7093-40DC-A406-53BEEB89D926}.Debug|Any CPU.Build.0 = Debug|Any CPU
		{7C5514C6-7093-40DC-A406-53BEEB89D926}.Release|Any CPU.ActiveCfg = Release|Any CPU
		{7C5514C6-7093-40DC-A406-53BEEB89D926}.Release|Any CPU.Build.0 = Release|Any CPU
		{835DD4C6-F8D3-488F-ADBD-57AFBA23BB58}.Debug|Any CPU.ActiveCfg = Debug|Any CPU
		{835DD4C6-F8D3-488F-ADBD-57AFBA23BB58}.Debug|Any CPU.Build.0 = Debug|Any CPU
		{835DD4C6-F8D3-488F-ADBD-57AFBA23BB58}.Release|Any CPU.ActiveCfg = Release|Any CPU
		{835DD4C6-F8D3-488F-ADBD-57AFBA23BB58}.Release|Any CPU.Build.0 = Release|Any CPU
		{7F68CD69-8EE6-4C69-8FC6-042DC8C79DA8}.Debug|Any CPU.ActiveCfg = Debug|Any CPU
		{7F68CD69-8EE6-4C69-8FC6-042DC8C79DA8}.Debug|Any CPU.Build.0 = Debug|Any CPU
		{7F68CD69-8EE6-4C69-8FC6-042DC8C79DA8}.Release|Any CPU.ActiveCfg = Release|Any CPU
		{7F68CD69-8EE6-4C69-8FC6-042DC8C79DA8}.Release|Any CPU.Build.0 = Release|Any CPU
		{D6ED2119-865B-41FC-9F7B-92ADA90EEC99}.Debug|Any CPU.ActiveCfg = Debug|Any CPU
		{D6ED2119-865B-41FC-9F7B-92ADA90EEC99}.Debug|Any CPU.Build.0 = Debug|Any CPU
		{D6ED2119-865B-41FC-9F7B-92ADA90EEC99}.Release|Any CPU.ActiveCfg = Release|Any CPU
		{D6ED2119-865B-41FC-9F7B-92ADA90EEC99}.Release|Any CPU.Build.0 = Release|Any CPU
		{817CB0E9-443C-464A-97E5-538C96E46DF6}.Debug|Any CPU.ActiveCfg = Debug|Any CPU
		{817CB0E9-443C-464A-97E5-538C96E46DF6}.Debug|Any CPU.Build.0 = Debug|Any CPU
		{817CB0E9-443C-464A-97E5-538C96E46DF6}.Release|Any CPU.ActiveCfg = Release|Any CPU
		{817CB0E9-443C-464A-97E5-538C96E46DF6}.Release|Any CPU.Build.0 = Release|Any CPU
		{F6D96103-101A-4F24-8749-39C822CCD893}.Debug|Any CPU.ActiveCfg = Debug|Any CPU
		{F6D96103-101A-4F24-8749-39C822CCD893}.Debug|Any CPU.Build.0 = Debug|Any CPU
		{F6D96103-101A-4F24-8749-39C822CCD893}.Release|Any CPU.ActiveCfg = Release|Any CPU
		{F6D96103-101A-4F24-8749-39C822CCD893}.Release|Any CPU.Build.0 = Release|Any CPU
		{0E21BAD0-C395-4CE8-8E10-1B64DB01E049}.Debug|Any CPU.ActiveCfg = Debug|Any CPU
		{0E21BAD0-C395-4CE8-8E10-1B64DB01E049}.Debug|Any CPU.Build.0 = Debug|Any CPU
		{0E21BAD0-C395-4CE8-8E10-1B64DB01E049}.Release|Any CPU.ActiveCfg = Release|Any CPU
		{0E21BAD0-C395-4CE8-8E10-1B64DB01E049}.Release|Any CPU.Build.0 = Release|Any CPU
		{E3801BA1-E10C-4193-AE70-9180DDA7B9E3}.Debug|Any CPU.ActiveCfg = Debug|Any CPU
		{E3801BA1-E10C-4193-AE70-9180DDA7B9E3}.Debug|Any CPU.Build.0 = Debug|Any CPU
		{E3801BA1-E10C-4193-AE70-9180DDA7B9E3}.Release|Any CPU.ActiveCfg = Release|Any CPU
		{E3801BA1-E10C-4193-AE70-9180DDA7B9E3}.Release|Any CPU.Build.0 = Release|Any CPU
		{3E0ADC41-FB24-45BF-91CF-376A4A87D048}.Debug|Any CPU.ActiveCfg = Debug|Any CPU
		{3E0ADC41-FB24-45BF-91CF-376A4A87D048}.Debug|Any CPU.Build.0 = Debug|Any CPU
		{3E0ADC41-FB24-45BF-91CF-376A4A87D048}.Release|Any CPU.ActiveCfg = Release|Any CPU
		{3E0ADC41-FB24-45BF-91CF-376A4A87D048}.Release|Any CPU.Build.0 = Release|Any CPU
	EndGlobalSection
	GlobalSection(SolutionProperties) = preSolution
		HideSolutionNode = FALSE
	EndGlobalSection
	GlobalSection(NestedProjects) = preSolution
		{F612A61C-FC58-484C-8B91-856511BC8A76} = {9C50CE8F-A834-49A6-BD35-ED91E16ED167}
		{37BB79C5-A744-41DB-8600-7A576935EC59} = {9C50CE8F-A834-49A6-BD35-ED91E16ED167}
		{9846FF6A-5127-4994-B539-C01B4B82E5FE} = {F612A61C-FC58-484C-8B91-856511BC8A76}
		{F2FF0D32-C603-4641-A060-39A15A964F34} = {9846FF6A-5127-4994-B539-C01B4B82E5FE}
		{7D355359-6F04-49CB-BD7F-1719AE50DDF7} = {F612A61C-FC58-484C-8B91-856511BC8A76}
		{9B0E233D-9C8F-4B79-99FD-74CB540934AE} = {7D355359-6F04-49CB-BD7F-1719AE50DDF7}
		{5CA63FCE-9614-47FC-B7E9-A59825F9906F} = {7D355359-6F04-49CB-BD7F-1719AE50DDF7}
		{987D488A-74DA-421C-BF0A-1FBA4E4ED97D} = {7D355359-6F04-49CB-BD7F-1719AE50DDF7}
		{64711122-2B86-41C8-AA9C-99A87ED37A36} = {F2FF0D32-C603-4641-A060-39A15A964F34}
		{7C8F7285-3685-462F-AE70-B9D61F5AAA11} = {F2FF0D32-C603-4641-A060-39A15A964F34}
		{A01B8255-E375-4FE0-A2F9-4352748E3BA2} = {F2FF0D32-C603-4641-A060-39A15A964F34}
		{E7385555-9A4A-4FAA-888D-76E88D17BC89} = {F2FF0D32-C603-4641-A060-39A15A964F34}
		{847B030E-A4F5-40CA-8AB1-8C39CA9AC576} = {9B0E233D-9C8F-4B79-99FD-74CB540934AE}
		{2565669D-CBD1-4D77-87FA-969C1E9A0601} = {9B0E233D-9C8F-4B79-99FD-74CB540934AE}
		{AF862FEE-044C-4411-A445-2E2B9628DE8E} = {9B0E233D-9C8F-4B79-99FD-74CB540934AE}
		{167DD717-EB6F-4696-A0A0-6BB281350F4E} = {5CA63FCE-9614-47FC-B7E9-A59825F9906F}
		{E2FF91DD-FF90-47B8-83D7-A0942BCFEB6F} = {5CA63FCE-9614-47FC-B7E9-A59825F9906F}
		{70EDC8E9-48F8-4BC0-BC80-96FEE298C902} = {5CA63FCE-9614-47FC-B7E9-A59825F9906F}
		{991F9F59-EF2F-4FA9-82EC-F226D02E5A03} = {987D488A-74DA-421C-BF0A-1FBA4E4ED97D}
		{E376FBAD-9694-412E-A18E-D1125991737B} = {987D488A-74DA-421C-BF0A-1FBA4E4ED97D}
		{E038BD93-F131-4BBE-9A4A-61D9E583CAD9} = {987D488A-74DA-421C-BF0A-1FBA4E4ED97D}
		{D1D22410-FBC6-4231-9512-BC2BCA3A52F8} = {7D355359-6F04-49CB-BD7F-1719AE50DDF7}
		{A60CBCA2-F8C1-4B03-8C13-E7D0D0DE10DA} = {D1D22410-FBC6-4231-9512-BC2BCA3A52F8}
		{69EC0349-8013-4D19-AD02-B29C6ABC3B7D} = {D1D22410-FBC6-4231-9512-BC2BCA3A52F8}
		{B640403C-95F8-4C01-B6B4-9B744A5BA38B} = {D1D22410-FBC6-4231-9512-BC2BCA3A52F8}
		{632DAF81-1923-4C05-83D1-F3C453E1AA71} = {847B030E-A4F5-40CA-8AB1-8C39CA9AC576}
		{2D0E5C52-7D3F-445B-BEA8-00978763F25D} = {2565669D-CBD1-4D77-87FA-969C1E9A0601}
		{316B4FFF-6D76-4159-AA71-BFEC159F591F} = {AF862FEE-044C-4411-A445-2E2B9628DE8E}
		{7C5514C6-7093-40DC-A406-53BEEB89D926} = {167DD717-EB6F-4696-A0A0-6BB281350F4E}
		{835DD4C6-F8D3-488F-ADBD-57AFBA23BB58} = {E2FF91DD-FF90-47B8-83D7-A0942BCFEB6F}
		{7F68CD69-8EE6-4C69-8FC6-042DC8C79DA8} = {70EDC8E9-48F8-4BC0-BC80-96FEE298C902}
		{D6ED2119-865B-41FC-9F7B-92ADA90EEC99} = {991F9F59-EF2F-4FA9-82EC-F226D02E5A03}
		{817CB0E9-443C-464A-97E5-538C96E46DF6} = {E376FBAD-9694-412E-A18E-D1125991737B}
		{F6D96103-101A-4F24-8749-39C822CCD893} = {E038BD93-F131-4BBE-9A4A-61D9E583CAD9}
		{0E21BAD0-C395-4CE8-8E10-1B64DB01E049} = {A60CBCA2-F8C1-4B03-8C13-E7D0D0DE10DA}
		{E3801BA1-E10C-4193-AE70-9180DDA7B9E3} = {69EC0349-8013-4D19-AD02-B29C6ABC3B7D}
		{3E0ADC41-FB24-45BF-91CF-376A4A87D048} = {B640403C-95F8-4C01-B6B4-9B744A5BA38B}
		{CDA65499-F38D-4034-B287-33FFDB464F1A} = {F612A61C-FC58-484C-8B91-856511BC8A76}
	EndGlobalSection
	GlobalSection(ExtensibilityGlobals) = postSolution
		SolutionGuid = {1C0680B2-9166-4ECC-96C2-E89F63F484CD}
	EndGlobalSection
EndGlobal
